
Microsoft Visual Studio Solution File, Format Version 12.00
# Visual Studio Version 17
VisualStudioVersion = 17.14.36212.18 d17.14
MinimumVisualStudioVersion = 10.0.40219.1
Project("{FAE04EC0-301F-11D3-BF4B-00C04F79EFBC}") = "MicLevelMonitor", "MicLevelMonitor.csproj", "{5FA62C6C-4975-4F5F-937C-2BBA235B14DF}"
EndProject
Global
	GlobalSection(SolutionConfigurationPlatforms) = preSolution
		Debug|Any CPU = Debug|Any CPU
		Release|Any CPU = Release|Any CPU
	EndGlobalSection
	GlobalSection(ProjectConfigurationPlatforms) = postSolution
		{5FA62C6C-4975-4F5F-937C-2BBA235B14DF}.Debug|Any CPU.ActiveCfg = Debug|Any CPU
		{5FA62C6C-4975-4F5F-937C-2BBA235B14DF}.Debug|Any CPU.Build.0 = Debug|Any CPU
		{5FA62C6C-4975-4F5F-937C-2BBA235B14DF}.Release|Any CPU.ActiveCfg = Release|Any CPU
		{5FA62C6C-4975-4F5F-937C-2BBA235B14DF}.Release|Any CPU.Build.0 = Release|Any CPU
	EndGlobalSection
	GlobalSection(SolutionProperties) = preSolution
		HideSolutionNode = FALSE
	EndGlobalSection
	GlobalSection(ExtensibilityGlobals) = postSolution
		SolutionGuid = {10F96DE2-A550-4432-8858-CC9E7714D710}
	EndGlobalSection
EndGlobal
